
Microsoft Visual Studio Solution File, Format Version 12.00
# Visual Studio Version 17
VisualStudioVersion = 17.13.35919.96 d17.13
MinimumVisualStudioVersion = 10.0.40219.1
Project("{8BC9CEB8-8B4A-11D0-8D11-00A0C91BC942}") = "computacao_grafica_bccs6", "computacao_grafica_bccs6\computacao_grafica_bccs6.vcxproj", "{57970ED1-88AC-465C-8BA8-16ACFC53868A}"
EndProject
Global
	GlobalSection(SolutionConfigurationPlatforms) = preSolution
		Debug|x64 = Debug|x64
		Debug|x86 = Debug|x86
		Release|x64 = Release|x64
		Release|x86 = Release|x86
	EndGlobalSection
	GlobalSection(ProjectConfigurationPlatforms) = postSolution
		{57970ED1-88AC-465C-8BA8-16ACFC53868A}.Debug|x64.ActiveCfg = Debug|x64
		{57970ED1-88AC-465C-8BA8-16ACFC53868A}.Debug|x64.Build.0 = Debug|x64
		{57970ED1-88AC-465C-8BA8-16ACFC53868A}.Debug|x86.ActiveCfg = Debug|Win32
		{57970ED1-88AC-465C-8BA8-16ACFC53868A}.Debug|x86.Build.0 = Debug|Win32
		{57970ED1-88AC-465C-8BA8-16ACFC53868A}.Release|x64.ActiveCfg = Release|x64
		{57970ED1-88AC-465C-8BA8-16ACFC53868A}.Release|x64.Build.0 = Release|x64
		{57970ED1-88AC-465C-8BA8-16ACFC53868A}.Release|x86.ActiveCfg = Release|Win32
		{57970ED1-88AC-465C-8BA8-16ACFC53868A}.Release|x86.Build.0 = Release|Win32
	EndGlobalSection
	GlobalSection(SolutionProperties) = preSolution
		HideSolutionNode = FALSE
	EndGlobalSection
	GlobalSection(ExtensibilityGlobals) = postSolution
		SolutionGuid = {CF4D76FC-A31A-4E4A-9B9A-DE7DA8724373}
	EndGlobalSection
EndGlobal
